
Microsoft Visual Studio Solution File, Format Version 12.00
# Visual Studio 15
Project("{FAE04EC0-301F-11D3-BF4B-00C04F79EFBC}") = "memoseeds", "memoseeds\memoseeds.csproj", "{65F92BC3-8E58-42B3-ABE0-E33BB67A3985}"
EndProject
Global
	GlobalSection(SolutionConfigurationPlatforms) = preSolution
		Debug|Any CPU = Debug|Any CPU
		Release|Any CPU = Release|Any CPU
	EndGlobalSection
	GlobalSection(ProjectConfigurationPlatforms) = postSolution
		{65F92BC3-8E58-42B3-ABE0-E33BB67A3985}.Debug|Any CPU.ActiveCfg = Debug|Any CPU
		{65F92BC3-8E58-42B3-ABE0-E33BB67A3985}.Debug|Any CPU.Build.0 = Debug|Any CPU
		{65F92BC3-8E58-42B3-ABE0-E33BB67A3985}.Release|Any CPU.ActiveCfg = Release|Any CPU
		{65F92BC3-8E58-42B3-ABE0-E33BB67A3985}.Release|Any CPU.Build.0 = Release|Any CPU
	EndGlobalSection
EndGlobal
